
Microsoft Visual Studio Solution File, Format Version 12.00
# Visual Studio Version 17
VisualStudioVersion = 17.11.35312.102
MinimumVisualStudioVersion = 10.0.40219.1
Project("{FAE04EC0-301F-11D3-BF4B-00C04F79EFBC}") = "ProjectCreator", "ProjectCreator\ProjectCreator.csproj", "{21BF0275-7B8B-47B0-AEF1-D6CBAB0428FE}"
EndProject
Global
	GlobalSection(SolutionConfigurationPlatforms) = preSolution
		Debug|Any CPU = Debug|Any CPU
		Release|Any CPU = Release|Any CPU
	EndGlobalSection
	GlobalSection(ProjectConfigurationPlatforms) = postSolution
		{21BF0275-7B8B-47B0-AEF1-D6CBAB0428FE}.Debug|Any CPU.ActiveCfg = Debug|Any CPU
		{21BF0275-7B8B-47B0-AEF1-D6CBAB0428FE}.Debug|Any CPU.Build.0 = Debug|Any CPU
		{21BF0275-7B8B-47B0-AEF1-D6CBAB0428FE}.Release|Any CPU.ActiveCfg = Release|Any CPU
		{21BF0275-7B8B-47B0-AEF1-D6CBAB0428FE}.Release|Any CPU.Build.0 = Release|Any CPU
	EndGlobalSection
	GlobalSection(SolutionProperties) = preSolution
		HideSolutionNode = FALSE
	EndGlobalSection
	GlobalSection(ExtensibilityGlobals) = postSolution
		SolutionGuid = {92011BEF-1263-481A-80CF-E41B112D85A5}
	EndGlobalSection
EndGlobal
